PODS:
  - Flutter (1.0.0)
  - flutter_neteasequickpass (0.0.1):
    - Flutter
    - NTESQuickPass (= 3.0.1)
  - integration_test (0.0.1):
    - Flutter
  - NTESQuickPass (3.0.1)

DEPENDENCIES:
  - Flutter (from `Flutter`)
  - flutter_neteasequickpass (from `.symlinks/plugins/flutter_neteasequickpass/ios`)
  - integration_test (from `.symlinks/plugins/integration_test/ios`)

SPEC REPOS:
  trunk:
    - NTESQuickPass

EXTERNAL SOURCES:
  Flutter:
    :path: Flutter
  flutter_neteasequickpass:
    :path: ".symlinks/plugins/flutter_neteasequickpass/ios"
  integration_test:
    :path: ".symlinks/plugins/integration_test/ios"

SPEC CHECKSUMS:
  Flutter: 434fef37c0980e73bb6479ef766c45957d4b510c
  flutter_neteasequickpass: 48255e2bed052ccffb27b9933d4574773de3b270
  integration_test: 6eb66a19f7104200dcfdd62bc0077e1b09686e4f
  NTESQuickPass: 3ae13d8d29ff66142b08735bc92d715407e5d1c7

PODFILE CHECKSUM: 2a2ef9340690b26fe1a05742e517c0c9cf06ad23

COCOAPODS: 1.10.1
